// !$*UTF8*$!
{
	archiveVersion = 1;
	classes = {
	};
	objectVersion = 50;
	objects = {

/* Begin PBXBuildFile section */
		CE73B6BE25CB6AFF004E4E02 /* AppDelegate.swift in Sources */ = {isa = PBXBuildFile; fileRef = CE73B6BD25CB6AFF004E4E02 /* AppDelegate.swift */; };
		CE73B6C025CB6AFF004E4E02 /* SceneDelegate.swift in Sources */ = {isa = PBXBuildFile; fileRef = CE73B6BF25CB6AFF004E4E02 /* SceneDelegate.swift */; };
		CE73B6C225CB6AFF004E4E02 /* ViewController.swift in Sources */ = {isa = PBXBuildFile; fileRef = CE73B6C125CB6AFF004E4E02 /* ViewController.swift */; };
		CE73B6C525CB6AFF004E4E02 /* Main.storyboard in Resources */ = {isa = PBXBuildFile; fileRef = CE73B6C325CB6AFF004E4E02 /* Main.storyboard */; };
		CE73B6C825CB6AFF004E4E02 /* CoreDataTest.xcdatamodeld in Sources */ = {isa = PBXBuildFile; fileRef = CE73B6C625CB6AFF004E4E02 /* CoreDataTest.xcdatamodeld */; };
		CE73B6CA25CB6B00004E4E02 /* Assets.xcassets in Resources */ = {isa = PBXBuildFile; fileRef = CE73B6C925CB6B00004E4E02 /* Assets.xcassets */; };
		CE73B6CD25CB6B00004E4E02 /* LaunchScreen.storyboard in Resources */ = {isa = PBXBuildFile; fileRef = CE73B6CB25CB6B00004E4E02 /* LaunchScreen.storyboard */; };
		CE73B6D825CB6B01004E4E02 /* CoreDataTestTests.swift in Sources */ = {isa = PBXBuildFile; fileRef = CE73B6D725CB6B01004E4E02 /* CoreDataTestTests.swift */; };
		CE73B6E325CB6B01004E4E02 /* CoreDataTestUITests.swift in Sources */ = {isa = PBXBuildFile; fileRef = CE73B6E225CB6B01004E4E02 /* CoreDataTestUITests.swift */; };
		CE73B6F425CB80D4004E4E02 /* ListVC.swift in Sources */ = {isa = PBXBuildFile; fileRef = CE73B6F325CB80D4004E4E02 /* ListVC.swift */; };
/* End PBXBuildFile section */

/* Begin PBXContainerItemProxy section */
		CE73B6D425CB6B01004E4E02 /* PBXContainerItemProxy */ = {
			isa = PBXContainerItemProxy;
			containerPortal = CE73B6B225CB6AFF004E4E02 /* Project object */;
			proxyType = 1;
			remoteGlobalIDString = CE73B6B925CB6AFF004E4E02;
			remoteInfo = CoreDataTest;
		};
		CE73B6DF25CB6B01004E4E02 /* PBXContainerItemProxy */ = {
			isa = PBXContainerItemProxy;
			containerPortal = CE73B6B225CB6AFF004E4E02 /* Project object */;
			proxyType = 1;
			remoteGlobalIDString = CE73B6B925CB6AFF004E4E02;
			remoteInfo = CoreDataTest;
		};
/* End PBXContainerItemProxy section */

/* Begin PBXFileReference section */
		CE73B6BA25CB6AFF004E4E02 /* CoreDataTest.app */ = {isa = PBXFileReference; explicitFileType = wrapper.application; includeInIndex = 0; path = CoreDataTest.app; sourceTree = BUILT_PRODUCTS_DIR; };
		CE73B6BD25CB6AFF004E4E02 /* AppDelegate.swift */ = {isa = PBXFileReference; lastKnownFileType = sourcecode.swift; path = AppDelegate.swift; sourceTree = "<group>"; };
		CE73B6BF25CB6AFF004E4E02 /* SceneDelegate.swift */ = {isa = PBXFileReference; lastKnownFileType = sourcecode.swift; path = SceneDelegate.swift; sourceTree = "<group>"; };
		CE73B6C125CB6AFF004E4E02 /* ViewController.swift */ = {isa = PBXFileReference; lastKnownFileType = sourcecode.swift; path = ViewController.swift; sourceTree = "<group>"; };
		CE73B6C425CB6AFF004E4E02 /* Base */ = {isa = PBXFileReference; lastKnownFileType = file.storyboard; name = Base; path = Base.lproj/Main.storyboard; sourceTree = "<group>"; };
		CE73B6C725CB6AFF004E4E02 /* CoreDataTest.xcdatamodel */ = {isa = PBXFileReference; lastKnownFileType = wrapper.xcdatamodel; path = CoreDataTest.xcdatamodel; sourceTree = "<group>"; };
		CE73B6C925CB6B00004E4E02 /* Assets.xcassets */ = {isa = PBXFileReference; lastKnownFileType = folder.assetcatalog; path = Assets.xcassets; sourceTree = "<group>"; };
		CE73B6CC25CB6B00004E4E02 /* Base */ = {isa = PBXFileReference; lastKnownFileType = file.storyboard; name = Base; path = Base.lproj/LaunchScreen.storyboard; sourceTree = "<group>"; };
		CE73B6CE25CB6B00004E4E02 /* Info.plist */ = {isa = PBXFileReference; lastKnownFileType = text.plist.xml; path = Info.plist; sourceTree = "<group>"; };
		CE73B6D325CB6B01004E4E02 /* CoreDataTestTests.xctest */ = {isa = PBXFileReference; explicitFileType = wrapper.cfbundle; includeInIndex = 0; path = CoreDataTestTests.xctest; sourceTree = BUILT_PRODUCTS_DIR; };
		CE73B6D725CB6B01004E4E02 /* CoreDataTestTests.swift */ = {isa = PBXFileReference; lastKnownFileType = sourcecode.swift; path = CoreDataTestTests.swift; sourceTree = "<group>"; };
		CE73B6D925CB6B01004E4E02 /* Info.plist */ = {isa = PBXFileReference; lastKnownFileType = text.plist.xml; path = Info.plist; sourceTree = "<group>"; };
		CE73B6DE25CB6B01004E4E02 /* CoreDataTestUITests.xctest */ = {isa = PBXFileReference; explicitFileType = wrapper.cfbundle; includeInIndex = 0; path = CoreDataTestUITests.xctest; sourceTree = BUILT_PRODUCTS_DIR; };
		CE73B6E225CB6B01004E4E02 /* CoreDataTestUITests.swift */ = {isa = PBXFileReference; lastKnownFileType = sourcecode.swift; path = CoreDataTestUITests.swift; sourceTree = "<group>"; };
		CE73B6E425CB6B01004E4E02 /* Info.plist */ = {isa = PBXFileReference; lastKnownFileType = text.plist.xml; path = Info.plist; sourceTree = "<group>"; };
		CE73B6F325CB80D4004E4E02 /* ListVC.swift */ = {isa = PBXFileReference; lastKnownFileType = sourcecode.swift; path = ListVC.swift; sourceTree = "<group>"; };
/* End PBXFileReference section */

/* Begin PBXFrameworksBuildPhase section */
		CE73B6B725CB6AFF004E4E02 /* Frameworks */ = {
			isa = PBXFrameworksBuildPhase;
			buildActionMask = 2147483647;
			files = (
			);
			runOnlyForDeploymentPostprocessing = 0;
		};
		CE73B6D025CB6B01004E4E02 /* Frameworks */ = {
			isa = PBXFrameworksBuildPhase;
			buildActionMask = 2147483647;
			files = (
			);
			runOnlyForDeploymentPostprocessing = 0;
		};
		CE73B6DB25CB6B01004E4E02 /* Frameworks */ = {
			isa = PBXFrameworksBuildPhase;
			buildActionMask = 2147483647;
			files = (
			);
			runOnlyForDeploymentPostprocessing = 0;
		};
/* End PBXFrameworksBuildPhase section */

/* Begin PBXGroup section */
		CE73B6B125CB6AFF004E4E02 = {
			isa = PBXGroup;
			children = (
				CE73B6BC25CB6AFF004E4E02 /* CoreDataTest */,
				CE73B6D625CB6B01004E4E02 /* CoreDataTestTests */,
				CE73B6E125CB6B01004E4E02 /* CoreDataTestUITests */,
				CE73B6BB25CB6AFF004E4E02 /* Products */,
			);
			sourceTree = "<group>";
		};
		CE73B6BB25CB6AFF004E4E02 /* Products */ = {
			isa = PBXGroup;
			children = (
				CE73B6BA25CB6AFF004E4E02 /* CoreDataTest.app */,
				CE73B6D325CB6B01004E4E02 /* CoreDataTestTests.xctest */,
				CE73B6DE25CB6B01004E4E02 /* CoreDataTestUITests.xctest */,
			);
			name = Products;
			sourceTree = "<group>";
		};
		CE73B6BC25CB6AFF004E4E02 /* CoreDataTest */ = {
			isa = PBXGroup;
			children = (
				CE73B6BD25CB6AFF004E4E02 /* AppDelegate.swift */,
				CE73B6BF25CB6AFF004E4E02 /* SceneDelegate.swift */,
				CE73B6C125CB6AFF004E4E02 /* ViewController.swift */,
				CE73B6C325CB6AFF004E4E02 /* Main.storyboard */,
				CE73B6F325CB80D4004E4E02 /* ListVC.swift */,
				CE73B6C925CB6B00004E4E02 /* Assets.xcassets */,
				CE73B6CB25CB6B00004E4E02 /* LaunchScreen.storyboard */,
				CE73B6CE25CB6B00004E4E02 /* Info.plist */,
				CE73B6C625CB6AFF004E4E02 /* CoreDataTest.xcdatamodeld */,
			);
			path = CoreDataTest;
			sourceTree = "<group>";
		};
		CE73B6D625CB6B01004E4E02 /* CoreDataTestTests */ = {
			isa = PBXGroup;
			children = (
				CE73B6D725CB6B01004E4E02 /* CoreDataTestTests.swift */,
				CE73B6D925CB6B01004E4E02 /* Info.plist */,
			);
			path = CoreDataTestTests;
			sourceTree = "<group>";
		};
		CE73B6E125CB6B01004E4E02 /* CoreDataTestUITests */ = {
			isa = PBXGroup;
			children = (
				CE73B6E225CB6B01004E4E02 /* CoreDataTestUITests.swift */,
				CE73B6E425CB6B01004E4E02 /* Info.plist */,
			);
			path = CoreDataTestUITests;
			sourceTree = "<group>";
		};
/* End PBXGroup section */

/* Begin PBXNativeTarget section */
		CE73B6B925CB6AFF004E4E02 /* CoreDataTest */ = {
			isa = PBXNativeTarget;
			buildConfigurationList = CE73B6E725CB6B01004E4E02 /* Build configuration list for PBXNativeTarget "CoreDataTest" */;
			buildPhases = (
				CE73B6B625CB6AFF004E4E02 /* Sources */,
				CE73B6B725CB6AFF004E4E02 /* Frameworks */,
				CE73B6B825CB6AFF004E4E02 /* Resources */,
			);
			buildRules = (
			);
			dependencies = (
			);
			name = CoreDataTest;
			productName = CoreDataTest;
			productReference = CE73B6BA25CB6AFF004E4E02 /* CoreDataTest.app */;
			productType = "com.apple.product-type.application";
		};
		CE73B6D225CB6B01004E4E02 /* CoreDataTestTests */ = {
			isa = PBXNativeTarget;
			buildConfigurationList = CE73B6EA25CB6B01004E4E02 /* Build configuration list for PBXNativeTarget "CoreDataTestTests" */;
			buildPhases = (
				CE73B6CF25CB6B01004E4E02 /* Sources */,
				CE73B6D025CB6B01004E4E02 /* Frameworks */,
				CE73B6D125CB6B01004E4E02 /* Resources */,
			);
			buildRules = (
			);
			dependencies = (
				CE73B6D525CB6B01004E4E02 /* PBXTargetDependency */,
			);
			name = CoreDataTestTests;
			productName = CoreDataTestTests;
			productReference = CE73B6D325CB6B01004E4E02 /* CoreDataTestTests.xctest */;
			productType = "com.apple.product-type.bundle.unit-test";
		};
		CE73B6DD25CB6B01004E4E02 /* CoreDataTestUITests */ = {
			isa = PBXNativeTarget;
			buildConfigurationList = CE73B6ED25CB6B01004E4E02 /* Build configuration list for PBXNativeTarget "CoreDataTestUITests" */;
			buildPhases = (
				CE73B6DA25CB6B01004E4E02 /* Sources */,
				CE73B6DB25CB6B01004E4E02 /* Frameworks */,
				CE73B6DC25CB6B01004E4E02 /* Resources */,
			);
			buildRules = (
			);
			dependencies = (
				CE73B6E025CB6B01004E4E02 /* PBXTargetDependency */,
			);
			name = CoreDataTestUITests;
			productName = CoreDataTestUITests;
			productReference = CE73B6DE25CB6B01004E4E02 /* CoreDataTestUITests.xctest */;
			productType = "com.apple.product-type.bundle.ui-testing";
		};
/* End PBXNativeTarget section */

/* Begin PBXProject section */
		CE73B6B225CB6AFF004E4E02 /* Project object */ = {
			isa = PBXProject;
			attributes = {
				LastSwiftUpdateCheck = 1240;
				LastUpgradeCheck = 1240;
				TargetAttributes = {
					CE73B6B925CB6AFF004E4E02 = {
						CreatedOnToolsVersion = 12.4;
					};
					CE73B6D225CB6B01004E4E02 = {
						CreatedOnToolsVersion = 12.4;
						TestTargetID = CE73B6B925CB6AFF004E4E02;
					};
					CE73B6DD25CB6B01004E4E02 = {
						CreatedOnToolsVersion = 12.4;
						TestTargetID = CE73B6B925CB6AFF004E4E02;
					};
				};
			};
			buildConfigurationList = CE73B6B525CB6AFF004E4E02 /* Build configuration list for PBXProject "CoreDataTest" */;
			compatibilityVersion = "Xcode 9.3";
			developmentRegion = en;
			hasScannedForEncodings = 0;
			knownRegions = (
				en,
				Base,
			);
			mainGroup = CE73B6B125CB6AFF004E4E02;
			productRefGroup = CE73B6BB25CB6AFF004E4E02 /* Products */;
			projectDirPath = "";
			projectRoot = "";
			targets = (
				CE73B6B925CB6AFF004E4E02 /* CoreDataTest */,
				CE73B6D225CB6B01004E4E02 /* CoreDataTestTests */,
				CE73B6DD25CB6B01004E4E02 /* CoreDataTestUITests */,
			);
		};
/* End PBXProject section */

/* Begin PBXResourcesBuildPhase section */
		CE73B6B825CB6AFF004E4E02 /* Resources */ = {
			isa = PBXResourcesBuildPhase;
			buildActionMask = 2147483647;
			files = (
				CE73B6CD25CB6B00004E4E02 /* LaunchScreen.storyboard in Resources */,
				CE73B6CA25CB6B00004E4E02 /* Assets.xcassets in Resources */,
				CE73B6C525CB6AFF004E4E02 /* Main.storyboard in Resources */,
			);
			runOnlyForDeploymentPostprocessing = 0;
		};
		CE73B6D125CB6B01004E4E02 /* Resources */ = {
			isa = PBXResourcesBuildPhase;
			buildActionMask = 2147483647;
			files = (
			);
			runOnlyForDeploymentPostprocessing = 0;
		};
		CE73B6DC25CB6B01004E4E02 /* Resources */ = {
			isa = PBXResourcesBuildPhase;
			buildActionMask = 2147483647;
			files = (
			);
			runOnlyForDeploymentPostprocessing = 0;
		};
/* End PBXResourcesBuildPhase section */

/* Begin PBXSourcesBuildPhase section */
		CE73B6B625CB6AFF004E4E02 /* Sources */ = {
			isa = PBXSourcesBuildPhase;
			buildActionMask = 2147483647;
			files = (
				CE73B6C825CB6AFF004E4E02 /* CoreDataTest.xcdatamodeld in Sources */,
				CE73B6F425CB80D4004E4E02 /* ListVC.swift in Sources */,
				CE73B6C225CB6AFF004E4E02 /* ViewController.swift in Sources */,
				CE73B6BE25CB6AFF004E4E02 /* AppDelegate.swift in Sources */,
				CE73B6C025CB6AFF004E4E02 /* SceneDelegate.swift in Sources */,
			);
			runOnlyForDeploymentPostprocessing = 0;
		};
		CE73B6CF25CB6B01004E4E02 /* Sources */ = {
			isa = PBXSourcesBuildPhase;
			buildActionMask = 2147483647;
			files = (
				CE73B6D825CB6B01004E4E02 /* CoreDataTestTests.swift in Sources */,
			);
			runOnlyForDeploymentPostprocessing = 0;
		};
		CE73B6DA25CB6B01004E4E02 /* Sources */ = {
			isa = PBXSourcesBuildPhase;
			buildActionMask = 2147483647;
			files = (
				CE73B6E325CB6B01004E4E02 /* CoreDataTestUITests.swift in Sources */,
			);
			runOnlyForDeploymentPostprocessing = 0;
		};
/* End PBXSourcesBuildPhase section */

/* Begin PBXTargetDependency section */
		CE73B6D525CB6B01004E4E02 /* PBXTargetDependency */ = {
			isa = PBXTargetDependency;
			target = CE73B6B925CB6AFF004E4E02 /* CoreDataTest */;
			targetProxy = CE73B6D425CB6B01004E4E02 /* PBXContainerItemProxy */;
		};
		CE73B6E025CB6B01004E4E02 /* PBXTargetDependency */ = {
			isa = PBXTargetDependency;
			target = CE73B6B925CB6AFF004E4E02 /* CoreDataTest */;
			targetProxy = CE73B6DF25CB6B01004E4E02 /* PBXContainerItemProxy */;
		};
/* End PBXTargetDependency section */

/* Begin PBXVariantGroup section */
		CE73B6C325CB6AFF004E4E02 /* Main.storyboard */ = {
			isa = PBXVariantGroup;
			children = (
				CE73B6C425CB6AFF004E4E02 /* Base */,
			);
			name = Main.storyboard;
			sourceTree = "<group>";
		};
		CE73B6CB25CB6B00004E4E02 /* LaunchScreen.storyboard */ = {
			isa = PBXVariantGroup;
			children = (
				CE73B6CC25CB6B00004E4E02 /* Base */,
			);
			name = LaunchScreen.storyboard;
			sourceTree = "<group>";
		};
/* End PBXVariantGroup section */

/* Begin XCBuildConfiguration section */
		CE73B6E525CB6B01004E4E02 /* Debug */ = {
			isa = XCBuildConfiguration;
			buildSettings = {
				ALWAYS_SEARCH_USER_PATHS = NO;
				CLANG_ANALYZER_NONNULL = YES;
				CLANG_ANALYZER_NUMBER_OBJECT_CONVERSION = YES_AGGRESSIVE;
				CLANG_CXX_LANGUAGE_STANDARD = "gnu++14";
				CLANG_CXX_LIBRARY = "libc++";
				CLANG_ENABLE_MODULES = YES;
				CLANG_ENABLE_OBJC_ARC = YES;
				CLANG_ENABLE_OBJC_WEAK = YES;
				CLANG_WARN_BLOCK_CAPTURE_AUTORELEASING = YES;
				CLANG_WARN_BOOL_CONVERSION = YES;
				CLANG_WARN_COMMA = YES;
				CLANG_WARN_CONSTANT_CONVERSION = YES;
				CLANG_WARN_DEPRECATED_OBJC_IMPLEMENTATIONS = YES;
				CLANG_WARN_DIRECT_OBJC_ISA_USAGE = YES_ERROR;
				CLANG_WARN_DOCUMENTATION_COMMENTS = YES;
				CLANG_WARN_EMPTY_BODY = YES;
				CLANG_WARN_ENUM_CONVERSION = YES;
				CLANG_WARN_INFINITE_RECURSION = YES;
				CLANG_WARN_INT_CONVERSION = YES;
				CLANG_WARN_NON_LITERAL_NULL_CONVERSION = YES;
				CLANG_WARN_OBJC_IMPLICIT_RETAIN_SELF = YES;
				CLANG_WARN_OBJC_LITERAL_CONVERSION = YES;
				CLANG_WARN_OBJC_ROOT_CLASS = YES_ERROR;
				CLANG_WARN_QUOTED_INCLUDE_IN_FRAMEWORK_HEADER = YES;
				CLANG_WARN_RANGE_LOOP_ANALYSIS = YES;
				CLANG_WARN_STRICT_PROTOTYPES = YES;
				CLANG_WARN_SUSPICIOUS_MOVE = YES;
				CLANG_WARN_UNGUARDED_AVAILABILITY = YES_AGGRESSIVE;
				CLANG_WARN_UNREACHABLE_CODE = YES;
				CLANG_WARN__DUPLICATE_METHOD_MATCH = YES;
				COPY_PHASE_STRIP = NO;
				DEBUG_INFORMATION_FORMAT = dwarf;
				ENABLE_STRICT_OBJC_MSGSEND = YES;
				ENABLE_TESTABILITY = YES;
				GCC_C_LANGUAGE_STANDARD = gnu11;
				GCC_DYNAMIC_NO_PIC = NO;
				GCC_NO_COMMON_BLOCKS = YES;
				GCC_OPTIMIZATION_LEVEL = 0;
				GCC_PREPROCESSOR_DEFINITIONS = (
					"DEBUG=1",
					"$(inherited)",
				);
				GCC_WARN_64_TO_32_BIT_CONVERSION = YES;
				GCC_WARN_ABOUT_RETURN_TYPE = YES_ERROR;
				GCC_WARN_UNDECLARED_SELECTOR = YES;
				GCC_WARN_UNINITIALIZED_AUTOS = YES_AGGRESSIVE;
				GCC_WARN_UNUSED_FUNCTION = YES;
				GCC_WARN_UNUSED_VARIABLE = YES;
				IPHONEOS_DEPLOYMENT_TARGET = 14.4;
				MTL_ENABLE_DEBUG_INFO = INCLUDE_SOURCE;
				MTL_FAST_MATH = YES;
				ONLY_ACTIVE_ARCH = YES;
				SDKROOT = iphoneos;
				SWIFT_ACTIVE_COMPILATION_CONDITIONS = DEBUG;
				SWIFT_OPTIMIZATION_LEVEL = "-Onone";
			};
			name = Debug;
		};
		CE73B6E625CB6B01004E4E02 /* Release */ = {
			isa = XCBuildConfiguration;
			buildSettings = {
				ALWAYS_SEARCH_USER_PATHS = NO;
				CLANG_ANALYZER_NONNULL = YES;
				CLANG_ANALYZER_NUMBER_OBJECT_CONVERSION = YES_AGGRESSIVE;
				CLANG_CXX_LANGUAGE_STANDARD = "gnu++14";
				CLANG_CXX_LIBRARY = "libc++";
				CLANG_ENABLE_MODULES = YES;
				CLANG_ENABLE_OBJC_ARC = YES;
				CLANG_ENABLE_OBJC_WEAK = YES;
				CLANG_WARN_BLOCK_CAPTURE_AUTORELEASING = YES;
				CLANG_WARN_BOOL_CONVERSION = YES;
				CLANG_WARN_COMMA = YES;
				CLANG_WARN_CONSTANT_CONVERSION = YES;
				CLANG_WARN_DEPRECATED_OBJC_IMPLEMENTATIONS = YES;
				CLANG_WARN_DIRECT_OBJC_ISA_USAGE = YES_ERROR;
				CLANG_WARN_DOCUMENTATION_COMMENTS = YES;
				CLANG_WARN_EMPTY_BODY = YES;
				CLANG_WARN_ENUM_CONVERSION = YES;
				CLANG_WARN_INFINITE_RECURSION = YES;
				CLANG_WARN_INT_CONVERSION = YES;
				CLANG_WARN_NON_LITERAL_NULL_CONVERSION = YES;
				CLANG_WARN_OBJC_IMPLICIT_RETAIN_SELF = YES;
				CLANG_WARN_OBJC_LITERAL_CONVERSION = YES;
				CLANG_WARN_OBJC_ROOT_CLASS = YES_ERROR;
				CLANG_WARN_QUOTED_INCLUDE_IN_FRAMEWORK_HEADER = YES;
				CLANG_WARN_RANGE_LOOP_ANALYSIS = YES;
				CLANG_WARN_STRICT_PROTOTYPES = YES;
				CLANG_WARN_SUSPICIOUS_MOVE = YES;
				CLANG_WARN_UNGUARDED_AVAILABILITY = YES_AGGRESSIVE;
				CLANG_WARN_UNREACHABLE_CODE = YES;
				CLANG_WARN__DUPLICATE_METHOD_MATCH = YES;
				COPY_PHASE_STRIP = NO;
				DEBUG_INFORMATION_FORMAT = "dwarf-with-dsym";
				ENABLE_NS_ASSERTIONS = NO;
				ENABLE_STRICT_OBJC_MSGSEND = YES;
				GCC_C_LANGUAGE_STANDARD = gnu11;
				GCC_NO_COMMON_BLOCKS = YES;
				GCC_WARN_64_TO_32_BIT_CONVERSION = YES;
				GCC_WARN_ABOUT_RETURN_TYPE = YES_ERROR;
				GCC_WARN_UNDECLARED_SELECTOR = YES;
				GCC_WARN_UNINITIALIZED_AUTOS = YES_AGGRESSIVE;
				GCC_WARN_UNUSED_FUNCTION = YES;
				GCC_WARN_UNUSED_VARIABLE = YES;
				IPHONEOS_DEPLOYMENT_TARGET = 14.4;
				MTL_ENABLE_DEBUG_INFO = NO;
				MTL_FAST_MATH = YES;
				SDKROOT = iphoneos;
				SWIFT_COMPILATION_MODE = wholemodule;
				SWIFT_OPTIMIZATION_LEVEL = "-O";
				VALIDATE_PRODUCT = YES;
			};
			name = Release;
		};
		CE73B6E825CB6B01004E4E02 /* Debug */ = {
			isa = XCBuildConfiguration;
			buildSettings = {
				ASSETCATALOG_COMPILER_APPICON_NAME = AppIcon;
				ASSETCATALOG_COMPILER_GLOBAL_ACCENT_COLOR_NAME = AccentColor;
				CODE_SIGN_STYLE = Automatic;
				DEVELOPMENT_TEAM = 93YL8E7YZM;
				INFOPLIST_FILE = CoreDataTest/Info.plist;
				LD_RUNPATH_SEARCH_PATHS = (
					"$(inherited)",
					"@executable_path/Frameworks",
				);
				PRODUCT_BUNDLE_IDENTIFIER = net.sejongtelecom.CoreDataTest;
				PRODUCT_NAME = "$(TARGET_NAME)";
				SWIFT_VERSION = 5.0;
				TARGETED_DEVICE_FAMILY = "1,2";
			};
			name = Debug;
		};
		CE73B6E925CB6B01004E4E02 /* Release */ = {
			isa = XCBuildConfiguration;
			buildSettings = {
				ASSETCATALOG_COMPILER_APPICON_NAME = AppIcon;
				ASSETCATALOG_COMPILER_GLOBAL_ACCENT_COLOR_NAME = AccentColor;
				CODE_SIGN_STYLE = Automatic;
				DEVELOPMENT_TEAM = 93YL8E7YZM;
				INFOPLIST_FILE = CoreDataTest/Info.plist;
				LD_RUNPATH_SEARCH_PATHS = (
					"$(inherited)",
					"@executable_path/Frameworks",
				);
				PRODUCT_BUNDLE_IDENTIFIER = net.sejongtelecom.CoreDataTest;
				PRODUCT_NAME = "$(TARGET_NAME)";
				SWIFT_VERSION = 5.0;
				TARGETED_DEVICE_FAMILY = "1,2";
			};
			name = Release;
		};
		CE73B6EB25CB6B01004E4E02 /* Debug */ = {
			isa = XCBuildConfiguration;
			buildSettings = {
				ALWAYS_EMBED_SWIFT_STANDARD_LIBRARIES = YES;
				BUNDLE_LOADER = "$(TEST_HOST)";
				CODE_SIGN_STYLE = Automatic;
				DEVELOPMENT_TEAM = 93YL8E7YZM;
				INFOPLIST_FILE = CoreDataTestTests/Info.plist;
				IPHONEOS_DEPLOYMENT_TARGET = 14.4;
				LD_RUNPATH_SEARCH_PATHS = (
					"$(inherited)",
					"@executable_path/Frameworks",
					"@loader_path/Frameworks",
				);
				PRODUCT_BUNDLE_IDENTIFIER = net.sejongtelecom.CoreDataTestTests;
				PRODUCT_NAME = "$(TARGET_NAME)";
				SWIFT_VERSION = 5.0;
				TARGETED_DEVICE_FAMILY = "1,2";
				TEST_HOST = "$(BUILT_PRODUCTS_DIR)/CoreDataTest.app/CoreDataTest";
			};
			name = Debug;
		};
		CE73B6EC25CB6B01004E4E02 /* Release */ = {
			isa = XCBuildConfiguration;
			buildSettings = {
				ALWAYS_EMBED_SWIFT_STANDARD_LIBRARIES = YES;
				BUNDLE_LOADER = "$(TEST_HOST)";
				CODE_SIGN_STYLE = Automatic;
				DEVELOPMENT_TEAM = 93YL8E7YZM;
				INFOPLIST_FILE = CoreDataTestTests/Info.plist;
				IPHONEOS_DEPLOYMENT_TARGET = 14.4;
				LD_RUNPATH_SEARCH_PATHS = (
					"$(inherited)",
					"@executable_path/Frameworks",
					"@loader_path/Frameworks",
				);
				PRODUCT_BUNDLE_IDENTIFIER = net.sejongtelecom.CoreDataTestTests;
				PRODUCT_NAME = "$(TARGET_NAME)";
				SWIFT_VERSION = 5.0;
				TARGETED_DEVICE_FAMILY = "1,2";
				TEST_HOST = "$(BUILT_PRODUCTS_DIR)/CoreDataTest.app/CoreDataTest";
			};
			name = Release;
		};
		CE73B6EE25CB6B01004E4E02 /* Debug */ = {
			isa = XCBuildConfiguration;
			buildSettings = {
				ALWAYS_EMBED_SWIFT_STANDARD_LIBRARIES = YES;
				CODE_SIGN_STYLE = Automatic;
				DEVELOPMENT_TEAM = 93YL8E7YZM;
				INFOPLIST_FILE = CoreDataTestUITests/Info.plist;
				LD_RUNPATH_SEARCH_PATHS = (
					"$(inherited)",
					"@executable_path/Frameworks",
					"@loader_path/Frameworks",
				);
				PRODUCT_BUNDLE_IDENTIFIER = net.sejongtelecom.CoreDataTestUITests;
				PRODUCT_NAME = "$(TARGET_NAME)";
				SWIFT_VERSION = 5.0;
				TARGETED_DEVICE_FAMILY = "1,2";
				TEST_TARGET_NAME = CoreDataTest;
			};
			name = Debug;
		};
		CE73B6EF25CB6B01004E4E02 /* Release */ = {
			isa = XCBuildConfiguration;
			buildSettings = {
				ALWAYS_EMBED_SWIFT_STANDARD_LIBRARIES = YES;
				CODE_SIGN_STYLE = Automatic;
				DEVELOPMENT_TEAM = 93YL8E7YZM;
				INFOPLIST_FILE = CoreDataTestUITests/Info.plist;
				LD_RUNPATH_SEARCH_PATHS = (
					"$(inherited)",
					"@executable_path/Frameworks",
					"@loader_path/Frameworks",
				);
				PRODUCT_BUNDLE_IDENTIFIER = net.sejongtelecom.CoreDataTestUITests;
				PRODUCT_NAME = "$(TARGET_NAME)";
				SWIFT_VERSION = 5.0;
				TARGETED_DEVICE_FAMILY = "1,2";
				TEST_TARGET_NAME = CoreDataTest;
			};
			name = Release;
		};
/* End XCBuildConfiguration section */

/* Begin XCConfigurationList section */
		CE73B6B525CB6AFF004E4E02 /* Build configuration list for PBXProject "CoreDataTest" */ = {
			isa = XCConfigurationList;
			buildConfigurations = (
				CE73B6E525CB6B01004E4E02 /* Debug */,
				CE73B6E625CB6B01004E4E02 /* Release */,
			);
			defaultConfigurationIsVisible = 0;
			defaultConfigurationName = Release;
		};
		CE73B6E725CB6B01004E4E02 /* Build configuration list for PBXNativeTarget "CoreDataTest" */ = {
			isa = XCConfigurationList;
			buildConfigurations = (
				CE73B6E825CB6B01004E4E02 /* Debug */,
				CE73B6E925CB6B01004E4E02 /* Release */,
			);
			defaultConfigurationIsVisible = 0;
			defaultConfigurationName = Release;
		};
		CE73B6EA25CB6B01004E4E02 /* Build configuration list for PBXNativeTarget "CoreDataTestTests" */ = {
			isa = XCConfigurationList;
			buildConfigurations = (
				CE73B6EB25CB6B01004E4E02 /* Debug */,
				CE73B6EC25CB6B01004E4E02 /* Release */,
			);
			defaultConfigurationIsVisible = 0;
			defaultConfigurationName = Release;
		};
		CE73B6ED25CB6B01004E4E02 /* Build configuration list for PBXNativeTarget "CoreDataTestUITests" */ = {
			isa = XCConfigurationList;
			buildConfigurations = (
				CE73B6EE25CB6B01004E4E02 /* Debug */,
				CE73B6EF25CB6B01004E4E02 /* Release */,
			);
			defaultConfigurationIsVisible = 0;
			defaultConfigurationName = Release;
		};
/* End XCConfigurationList section */

/* Begin XCVersionGroup section */
		CE73B6C625CB6AFF004E4E02 /* CoreDataTest.xcdatamodeld */ = {
			isa = XCVersionGroup;
			children = (
				CE73B6C725CB6AFF004E4E02 /* CoreDataTest.xcdatamodel */,
			);
			currentVersion = CE73B6C725CB6AFF004E4E02 /* CoreDataTest.xcdatamodel */;
			path = CoreDataTest.xcdatamodeld;
			sourceTree = "<group>";
			versionGroupType = wrapper.xcdatamodel;
		};
/* End XCVersionGroup section */
	};
	rootObject = CE73B6B225CB6AFF004E4E02 /* Project object */;
}
